{
	"name": "node",
	"version": "1.0.0",
	"lockfileVersion": 3,
	"requires": true,
	"packages": {
		"": {
			"name": "node",
			"version": "1.0.0",
			"dependencies": {
				"@benchmarking/core-v3": "file:../../packages/core-v3",
				"@benchmarking/core-v4": "file:../../packages/core-v4"
			}
		},
		"../../packages/core": {
			"name": "@benchmarking/core",
			"version": "1.0.0",
			"extraneous": true,
			"dependencies": {
				"@huggingface/transformers": "^3.5.0"
			}
		},
		"../../packages/core-v3": {
			"name": "@benchmarking/core-v3",
			"version": "1.0.0",
			"dependencies": {
				"@huggingface/transformers": "^3.5.0"
			}
		},
		"../../packages/core-v4": {
			"name": "@benchmarking/core-v4",
			"version": "1.0.0",
			"dependencies": {
				"@huggingface/transformers": "^4.0.1"
			}
		},
		"node_modules/@benchmarking/core-v3": {
			"resolved": "../../packages/core-v3",
			"link": true
		},
		"node_modules/@benchmarking/core-v4": {
			"resolved": "../../packages/core-v4",
			"link": true
		}
	}
}
